
Microsoft Visual Studio Solution File, Format Version 12.00
Project("{FAE04EC0-301F-11D3-BF4B-00C04F79EFBC}") = "AeroBlazor", "src\AeroBlazor\AeroBlazor.csproj", "{7B35FC5C-C4E5-4452-82DA-CBE2FBEC0177}"
EndProject
Project("{FAE04EC0-301F-11D3-BF4B-00C04F79EFBC}") = "AeroBlazor.Maui", "src\AeroBlazor.Maui\AeroBlazor.Maui.csproj", "{646DC950-D183-4B34-9522-2093EF9AD898}"
EndProject
Project("{FAE04EC0-301F-11D3-BF4B-00C04F79EFBC}") = "AeroBlazor.Web", "src\AeroBlazor.Web\AeroBlazor.Web.csproj", "{B9FB66BC-0062-4E2B-AFAE-E8B6BE96E1F6}"
EndProject
Global
	GlobalSection(SolutionConfigurationPlatforms) = preSolution
		Debug|Any CPU = Debug|Any CPU
		Release|Any CPU = Release|Any CPU
	EndGlobalSection
	GlobalSection(ProjectConfigurationPlatforms) = postSolution
		{7B35FC5C-C4E5-4452-82DA-CBE2FBEC0177}.Debug|Any CPU.ActiveCfg = Debug|Any CPU
		{7B35FC5C-C4E5-4452-82DA-CBE2FBEC0177}.Debug|Any CPU.Build.0 = Debug|Any CPU
		{7B35FC5C-C4E5-4452-82DA-CBE2FBEC0177}.Release|Any CPU.ActiveCfg = Release|Any CPU
		{7B35FC5C-C4E5-4452-82DA-CBE2FBEC0177}.Release|Any CPU.Build.0 = Release|Any CPU
		{646DC950-D183-4B34-9522-2093EF9AD898}.Debug|Any CPU.ActiveCfg = Debug|Any CPU
		{646DC950-D183-4B34-9522-2093EF9AD898}.Debug|Any CPU.Build.0 = Debug|Any CPU
		{646DC950-D183-4B34-9522-2093EF9AD898}.Release|Any CPU.ActiveCfg = Release|Any CPU
		{646DC950-D183-4B34-9522-2093EF9AD898}.Release|Any CPU.Build.0 = Release|Any CPU
		{B9FB66BC-0062-4E2B-AFAE-E8B6BE96E1F6}.Debug|Any CPU.ActiveCfg = Debug|Any CPU
		{B9FB66BC-0062-4E2B-AFAE-E8B6BE96E1F6}.Debug|Any CPU.Build.0 = Debug|Any CPU
		{B9FB66BC-0062-4E2B-AFAE-E8B6BE96E1F6}.Release|Any CPU.ActiveCfg = Release|Any CPU
		{B9FB66BC-0062-4E2B-AFAE-E8B6BE96E1F6}.Release|Any CPU.Build.0 = Release|Any CPU
	EndGlobalSection
EndGlobal
